// !$*UTF8*$!
{
	archiveVersion = 1;
	classes = {
	};
	objectVersion = 46;
	objects = {

/* Begin PBXBuildFile section */
		10DFB5401E8107E8004423B9 /* AppDelegate.swift in Sources */ = {isa = PBXBuildFile; fileRef = 10DFB53F1E8107E8004423B9 /* AppDelegate.swift */; };
		10DFB5451E8107E8004423B9 /* Main.storyboard in Resources */ = {isa = PBXBuildFile; fileRef = 10DFB5431E8107E8004423B9 /* Main.storyboard */; };
		10DFB5471E8107E8004423B9 /* Assets.xcassets in Resources */ = {isa = PBXBuildFile; fileRef = 10DFB5461E8107E8004423B9 /* Assets.xcassets */; };
		10DFB54A1E8107E8004423B9 /* LaunchScreen.storyboard in Resources */ = {isa = PBXBuildFile; fileRef = 10DFB5481E8107E8004423B9 /* LaunchScreen.storyboard */; };
		10DFB5551E8107E8004423B9 /* viper_swift_demoTests.swift in Sources */ = {isa = PBXBuildFile; fileRef = 10DFB5541E8107E8004423B9 /* viper_swift_demoTests.swift */; };
		10DFB5601E8107E8004423B9 /* viper_swift_demoUITests.swift in Sources */ = {isa = PBXBuildFile; fileRef = 10DFB55F1E8107E8004423B9 /* viper_swift_demoUITests.swift */; };
		10DFB56F1E810843004423B9 /* AppDependencies.swift in Sources */ = {isa = PBXBuildFile; fileRef = 10DFB56E1E810843004423B9 /* AppDependencies.swift */; };
		10DFB57A1E810A02004423B9 /* Clock.swift in Sources */ = {isa = PBXBuildFile; fileRef = 10DFB5791E810A02004423B9 /* Clock.swift */; };
		10DFB57C1E810AB8004423B9 /* TodoItemModel.swift in Sources */ = {isa = PBXBuildFile; fileRef = 10DFB57B1E810AB8004423B9 /* TodoItemModel.swift */; };
		10DFB57E1E810C5E004423B9 /* ManagedTodoItem.swift in Sources */ = {isa = PBXBuildFile; fileRef = 10DFB57D1E810C5E004423B9 /* ManagedTodoItem.swift */; };
		10DFB5801E810CE3004423B9 /* CoreDataStore.swift in Sources */ = {isa = PBXBuildFile; fileRef = 10DFB57F1E810CE3004423B9 /* CoreDataStore.swift */; };
		10DFB5831E811746004423B9 /* CoreData.framework in Frameworks */ = {isa = PBXBuildFile; fileRef = 10DFB5821E811746004423B9 /* CoreData.framework */; };
		10DFB5861E8117B5004423B9 /* TODO.xcdatamodeld in Sources */ = {isa = PBXBuildFile; fileRef = 10DFB5841E8117B5004423B9 /* TODO.xcdatamodeld */; };
		10DFB5881E811A03004423B9 /* RootWireframe.swift in Sources */ = {isa = PBXBuildFile; fileRef = 10DFB5871E811A03004423B9 /* RootWireframe.swift */; };
		10DFB58A1E811B8E004423B9 /* Calendar+Additions.swift in Sources */ = {isa = PBXBuildFile; fileRef = 10DFB5891E811B8E004423B9 /* Calendar+Additions.swift */; };
		10F992401E81F3C400165014 /* ListModuleInterface.swift in Sources */ = {isa = PBXBuildFile; fileRef = 10F9923F1E81F3C400165014 /* ListModuleInterface.swift */; };
		10F992441E81F64500165014 /* ListViewController.swift in Sources */ = {isa = PBXBuildFile; fileRef = 10F992421E81F64500165014 /* ListViewController.swift */; };
		10F992451E81F64500165014 /* ListViewController.xib in Resources */ = {isa = PBXBuildFile; fileRef = 10F992431E81F64500165014 /* ListViewController.xib */; };
		10F992481E82022F00165014 /* ListPresenter.swift in Sources */ = {isa = PBXBuildFile; fileRef = 10F992471E82022F00165014 /* ListPresenter.swift */; };
		10F9924B1E820AB700165014 /* UpcomingDisplayItem.swift in Sources */ = {isa = PBXBuildFile; fileRef = 10F9924A1E820AB700165014 /* UpcomingDisplayItem.swift */; };
		10F9924D1E820F7E00165014 /* UpcomingDispalyData.swift in Sources */ = {isa = PBXBuildFile; fileRef = 10F9924C1E820F7E00165014 /* UpcomingDispalyData.swift */; };
		10F9924F1E8210CF00165014 /* UpcomingDisplaySection.swift in Sources */ = {isa = PBXBuildFile; fileRef = 10F9924E1E8210CF00165014 /* UpcomingDisplaySection.swift */; };
		10F992511E8213B000165014 /* ListWireframe.swift in Sources */ = {isa = PBXBuildFile; fileRef = 10F992501E8213B000165014 /* ListWireframe.swift */; };
		10F992531E8221E200165014 /* UpcomingDisplayDataCollection.swift in Sources */ = {isa = PBXBuildFile; fileRef = 10F992521E8221E200165014 /* UpcomingDisplayDataCollection.swift */; };
		10F992571E8224F800165014 /* ListDataManager.swift in Sources */ = {isa = PBXBuildFile; fileRef = 10F992541E8224F800165014 /* ListDataManager.swift */; };
		10F992581E8224F800165014 /* ListInteractor.swift in Sources */ = {isa = PBXBuildFile; fileRef = 10F992551E8224F800165014 /* ListInteractor.swift */; };
		10F992591E8224F800165014 /* UpcomingItem.swift in Sources */ = {isa = PBXBuildFile; fileRef = 10F992561E8224F800165014 /* UpcomingItem.swift */; };
		10F9925E1E8228F600165014 /* AddModuleInterface.swift in Sources */ = {isa = PBXBuildFile; fileRef = 10F9925D1E8228F600165014 /* AddModuleInterface.swift */; };
		10F992601E82293600165014 /* AddModuleDelegate.swift in Sources */ = {isa = PBXBuildFile; fileRef = 10F9925F1E82293600165014 /* AddModuleDelegate.swift */; };
		10F992621E822A4A00165014 /* AddInteractor.swift in Sources */ = {isa = PBXBuildFile; fileRef = 10F992611E822A4A00165014 /* AddInteractor.swift */; };
		10F992641E822AC300165014 /* AddDataManager.swift in Sources */ = {isa = PBXBuildFile; fileRef = 10F992631E822AC300165014 /* AddDataManager.swift */; };
		10F992661E822CB900165014 /* AddPresenter.swift in Sources */ = {isa = PBXBuildFile; fileRef = 10F992651E822CB900165014 /* AddPresenter.swift */; };
		10F992691E822DC300165014 /* AddViewController.swift in Sources */ = {isa = PBXBuildFile; fileRef = 10F992671E822DC300165014 /* AddViewController.swift */; };
		10F9926A1E822DC300165014 /* AddViewController.xib in Resources */ = {isa = PBXBuildFile; fileRef = 10F992681E822DC300165014 /* AddViewController.xib */; };
		10F9926F1E823DCD00165014 /* AddPresentationTransition.swift in Sources */ = {isa = PBXBuildFile; fileRef = 10F9926E1E823DCD00165014 /* AddPresentationTransition.swift */; };
		10F992711E823E9400165014 /* AddDismissalTransition.swift in Sources */ = {isa = PBXBuildFile; fileRef = 10F992701E823E9400165014 /* AddDismissalTransition.swift */; };
/* End PBXBuildFile section */

/* Begin PBXContainerItemProxy section */
		10DFB5511E8107E8004423B9 /* PBXContainerItemProxy */ = {
			isa = PBXContainerItemProxy;
			containerPortal = 10DFB5341E8107E8004423B9 /* Project object */;
			proxyType = 1;
			remoteGlobalIDString = 10DFB53B1E8107E8004423B9;
			remoteInfo = viper_swift_demo;
		};
		10DFB55C1E8107E8004423B9 /* PBXContainerItemProxy */ = {
			isa = PBXContainerItemProxy;
			containerPortal = 10DFB5341E8107E8004423B9 /* Project object */;
			proxyType = 1;
			remoteGlobalIDString = 10DFB53B1E8107E8004423B9;
			remoteInfo = viper_swift_demo;
		};
/* End PBXContainerItemProxy section */

/* Begin PBXFileReference section */
		10DFB53C1E8107E8004423B9 /* viper_swift_demo.app */ = {isa = PBXFileReference; explicitFileType = wrapper.application; includeInIndex = 0; path = viper_swift_demo.app; sourceTree = BUILT_PRODUCTS_DIR; };
		10DFB53F1E8107E8004423B9 /* AppDelegate.swift */ = {isa = PBXFileReference; lastKnownFileType = sourcecode.swift; path = AppDelegate.swift; sourceTree = "<group>"; };
		10DFB5441E8107E8004423B9 /* Base */ = {isa = PBXFileReference; lastKnownFileType = file.storyboard; name = Base; path = Base.lproj/Main.storyboard; sourceTree = "<group>"; };
		10DFB5461E8107E8004423B9 /* Assets.xcassets */ = {isa = PBXFileReference; lastKnownFileType = folder.assetcatalog; path = Assets.xcassets; sourceTree = "<group>"; };
		10DFB5491E8107E8004423B9 /* Base */ = {isa = PBXFileReference; lastKnownFileType = file.storyboard; name = Base; path = Base.lproj/LaunchScreen.storyboard; sourceTree = "<group>"; };
		10DFB54B1E8107E8004423B9 /* Info.plist */ = {isa = PBXFileReference; lastKnownFileType = text.plist.xml; path = Info.plist; sourceTree = "<group>"; };
		10DFB5501E8107E8004423B9 /* viper_swift_demoTests.xctest */ = {isa = PBXFileReference; explicitFileType = wrapper.cfbundle; includeInIndex = 0; path = viper_swift_demoTests.xctest; sourceTree = BUILT_PRODUCTS_DIR; };
		10DFB5541E8107E8004423B9 /* viper_swift_demoTests.swift */ = {isa = PBXFileReference; lastKnownFileType = sourcecode.swift; path = viper_swift_demoTests.swift; sourceTree = "<group>"; };
		10DFB5561E8107E8004423B9 /* Info.plist */ = {isa = PBXFileReference; lastKnownFileType = text.plist.xml; path = Info.plist; sourceTree = "<group>"; };
		10DFB55B1E8107E8004423B9 /* viper_swift_demoUITests.xctest */ = {isa = PBXFileReference; explicitFileType = wrapper.cfbundle; includeInIndex = 0; path = viper_swift_demoUITests.xctest; sourceTree = BUILT_PRODUCTS_DIR; };
		10DFB55F1E8107E8004423B9 /* viper_swift_demoUITests.swift */ = {isa = PBXFileReference; lastKnownFileType = sourcecode.swift; path = viper_swift_demoUITests.swift; sourceTree = "<group>"; };
		10DFB5611E8107E8004423B9 /* Info.plist */ = {isa = PBXFileReference; lastKnownFileType = text.plist.xml; path = Info.plist; sourceTree = "<group>"; };
		10DFB56E1E810843004423B9 /* AppDependencies.swift */ = {isa = PBXFileReference; fileEncoding = 4; lastKnownFileType = sourcecode.swift; path = AppDependencies.swift; sourceTree = "<group>"; };
		10DFB5791E810A02004423B9 /* Clock.swift */ = {isa = PBXFileReference; fileEncoding = 4; lastKnownFileType = sourcecode.swift; path = Clock.swift; sourceTree = "<group>"; };
		10DFB57B1E810AB8004423B9 /* TodoItemModel.swift */ = {isa = PBXFileReference; fileEncoding = 4; lastKnownFileType = sourcecode.swift; path = TodoItemModel.swift; sourceTree = "<group>"; };
		10DFB57D1E810C5E004423B9 /* ManagedTodoItem.swift */ = {isa = PBXFileReference; fileEncoding = 4; lastKnownFileType = sourcecode.swift; path = ManagedTodoItem.swift; sourceTree = "<group>"; };
		10DFB57F1E810CE3004423B9 /* CoreDataStore.swift */ = {isa = PBXFileReference; fileEncoding = 4; lastKnownFileType = sourcecode.swift; path = CoreDataStore.swift; sourceTree = "<group>"; };
		10DFB5821E811746004423B9 /* CoreData.framework */ = {isa = PBXFileReference; lastKnownFileType = wrapper.framework; name = CoreData.framework; path = System/Library/Frameworks/CoreData.framework; sourceTree = SDKROOT; };
		10DFB5851E8117B5004423B9 /* TODO.xcdatamodel */ = {isa = PBXFileReference; lastKnownFileType = wrapper.xcdatamodel; path = TODO.xcdatamodel; sourceTree = "<group>"; };
		10DFB5871E811A03004423B9 /* RootWireframe.swift */ = {isa = PBXFileReference; fileEncoding = 4; lastKnownFileType = sourcecode.swift; path = RootWireframe.swift; sourceTree = "<group>"; };
		10DFB5891E811B8E004423B9 /* Calendar+Additions.swift */ = {isa = PBXFileReference; fileEncoding = 4; lastKnownFileType = sourcecode.swift; path = "Calendar+Additions.swift"; sourceTree = "<group>"; };
		10F9923F1E81F3C400165014 /* ListModuleInterface.swift */ = {isa = PBXFileReference; fileEncoding = 4; lastKnownFileType = sourcecode.swift; path = ListModuleInterface.swift; sourceTree = "<group>"; };
		10F992421E81F64500165014 /* ListViewController.swift */ = {isa = PBXFileReference; fileEncoding = 4; lastKnownFileType = sourcecode.swift; path = ListViewController.swift; sourceTree = "<group>"; };
		10F992431E81F64500165014 /* ListViewController.xib */ = {isa = PBXFileReference; fileEncoding = 4; lastKnownFileType = file.xib; path = ListViewController.xib; sourceTree = "<group>"; };
		10F992471E82022F00165014 /* ListPresenter.swift */ = {isa = PBXFileReference; fileEncoding = 4; lastKnownFileType = sourcecode.swift; path = ListPresenter.swift; sourceTree = "<group>"; };
		10F9924A1E820AB700165014 /* UpcomingDisplayItem.swift */ = {isa = PBXFileReference; fileEncoding = 4; lastKnownFileType = sourcecode.swift; path = UpcomingDisplayItem.swift; sourceTree = "<group>"; };
		10F9924C1E820F7E00165014 /* UpcomingDispalyData.swift */ = {isa = PBXFileReference; fileEncoding = 4; lastKnownFileType = sourcecode.swift; path = UpcomingDispalyData.swift; sourceTree = "<group>"; };
		10F9924E1E8210CF00165014 /* UpcomingDisplaySection.swift */ = {isa = PBXFileReference; fileEncoding = 4; lastKnownFileType = sourcecode.swift; path = UpcomingDisplaySection.swift; sourceTree = "<group>"; };
		10F992501E8213B000165014 /* ListWireframe.swift */ = {isa = PBXFileReference; fileEncoding = 4; lastKnownFileType = sourcecode.swift; path = ListWireframe.swift; sourceTree = "<group>"; };
		10F992521E8221E200165014 /* UpcomingDisplayDataCollection.swift */ = {isa = PBXFileReference; fileEncoding = 4; lastKnownFileType = sourcecode.swift; path = UpcomingDisplayDataCollection.swift; sourceTree = "<group>"; };
		10F992541E8224F800165014 /* ListDataManager.swift */ = {isa = PBXFileReference; fileEncoding = 4; lastKnownFileType = sourcecode.swift; path = ListDataManager.swift; sourceTree = "<group>"; };
		10F992551E8224F800165014 /* ListInteractor.swift */ = {isa = PBXFileReference; fileEncoding = 4; lastKnownFileType = sourcecode.swift; path = ListInteractor.swift; sourceTree = "<group>"; };
		10F992561E8224F800165014 /* UpcomingItem.swift */ = {isa = PBXFileReference; fileEncoding = 4; lastKnownFileType = sourcecode.swift; path = UpcomingItem.swift; sourceTree = "<group>"; };
		10F9925D1E8228F600165014 /* AddModuleInterface.swift */ = {isa = PBXFileReference; fileEncoding = 4; lastKnownFileType = sourcecode.swift; path = AddModuleInterface.swift; sourceTree = "<group>"; };
		10F9925F1E82293600165014 /* AddModuleDelegate.swift */ = {isa = PBXFileReference; fileEncoding = 4; lastKnownFileType = sourcecode.swift; path = AddModuleDelegate.swift; sourceTree = "<group>"; };
		10F992611E822A4A00165014 /* AddInteractor.swift */ = {isa = PBXFileReference; fileEncoding = 4; lastKnownFileType = sourcecode.swift; path = AddInteractor.swift; sourceTree = "<group>"; };
		10F992631E822AC300165014 /* AddDataManager.swift */ = {isa = PBXFileReference; fileEncoding = 4; lastKnownFileType = sourcecode.swift; path = AddDataManager.swift; sourceTree = "<group>"; };
		10F992651E822CB900165014 /* AddPresenter.swift */ = {isa = PBXFileReference; fileEncoding = 4; lastKnownFileType = sourcecode.swift; path = AddPresenter.swift; sourceTree = "<group>"; };
		10F992671E822DC300165014 /* AddViewController.swift */ = {isa = PBXFileReference; fileEncoding = 4; lastKnownFileType = sourcecode.swift; path = AddViewController.swift; sourceTree = "<group>"; };
		10F992681E822DC300165014 /* AddViewController.xib */ = {isa = PBXFileReference; fileEncoding = 4; lastKnownFileType = file.xib; path = AddViewController.xib; sourceTree = "<group>"; };
		10F9926E1E823DCD00165014 /* AddPresentationTransition.swift */ = {isa = PBXFileReference; fileEncoding = 4; lastKnownFileType = sourcecode.swift; path = AddPresentationTransition.swift; sourceTree = "<group>"; };
		10F992701E823E9400165014 /* AddDismissalTransition.swift */ = {isa = PBXFileReference; fileEncoding = 4; lastKnownFileType = sourcecode.swift; path = AddDismissalTransition.swift; sourceTree = "<group>"; };
/* End PBXFileReference section */

/* Begin PBXFrameworksBuildPhase section */
		10DFB5391E8107E8004423B9 /* Frameworks */ = {
			isa = PBXFrameworksBuildPhase;
			buildActionMask = 2147483647;
			files = (
				10DFB5831E811746004423B9 /* CoreData.framework in Frameworks */,
			);
			runOnlyForDeploymentPostprocessing = 0;
		};
		10DFB54D1E8107E8004423B9 /* Frameworks */ = {
			isa = PBXFrameworksBuildPhase;
			buildActionMask = 2147483647;
			files = (
			);
			runOnlyForDeploymentPostprocessing = 0;
		};
		10DFB5581E8107E8004423B9 /* Frameworks */ = {
			isa = PBXFrameworksBuildPhase;
			buildActionMask = 2147483647;
			files = (
			);
			runOnlyForDeploymentPostprocessing = 0;
		};
/* End PBXFrameworksBuildPhase section */

/* Begin PBXGroup section */
		10DFB5331E8107E8004423B9 = {
			isa = PBXGroup;
			children = (
				10DFB53E1E8107E8004423B9 /* viper_swift_demo */,
				10DFB5531E8107E8004423B9 /* viper_swift_demoTests */,
				10DFB55E1E8107E8004423B9 /* viper_swift_demoUITests */,
				10DFB53D1E8107E8004423B9 /* Products */,
				10DFB5811E811746004423B9 /* Frameworks */,
			);
			sourceTree = "<group>";
		};
		10DFB53D1E8107E8004423B9 /* Products */ = {
			isa = PBXGroup;
			children = (
				10DFB53C1E8107E8004423B9 /* viper_swift_demo.app */,
				10DFB5501E8107E8004423B9 /* viper_swift_demoTests.xctest */,
				10DFB55B1E8107E8004423B9 /* viper_swift_demoUITests.xctest */,
			);
			name = Products;
			sourceTree = "<group>";
		};
		10DFB53E1E8107E8004423B9 /* viper_swift_demo */ = {
			isa = PBXGroup;
			children = (
				10DFB56D1E810800004423B9 /* Supporting Files */,
				10DFB53F1E8107E8004423B9 /* AppDelegate.swift */,
				10DFB56E1E810843004423B9 /* AppDependencies.swift */,
				10DFB5731E8109E3004423B9 /* Components */,
				10DFB5701E810948004423B9 /* Modules */,
			);
			path = viper_swift_demo;
			sourceTree = "<group>";
		};
		10DFB5531E8107E8004423B9 /* viper_swift_demoTests */ = {
			isa = PBXGroup;
			children = (
				10DFB5541E8107E8004423B9 /* viper_swift_demoTests.swift */,
				10DFB5561E8107E8004423B9 /* Info.plist */,
			);
			path = viper_swift_demoTests;
			sourceTree = "<group>";
		};
		10DFB55E1E8107E8004423B9 /* viper_swift_demoUITests */ = {
			isa = PBXGroup;
			children = (
				10DFB55F1E8107E8004423B9 /* viper_swift_demoUITests.swift */,
				10DFB5611E8107E8004423B9 /* Info.plist */,
			);
			path = viper_swift_demoUITests;
			sourceTree = "<group>";
		};
		10DFB56D1E810800004423B9 /* Supporting Files */ = {
			isa = PBXGroup;
			children = (
				10DFB5431E8107E8004423B9 /* Main.storyboard */,
				10DFB5461E8107E8004423B9 /* Assets.xcassets */,
				10DFB5481E8107E8004423B9 /* LaunchScreen.storyboard */,
				10DFB54B1E8107E8004423B9 /* Info.plist */,
			);
			name = "Supporting Files";
			sourceTree = "<group>";
		};
		10DFB5701E810948004423B9 /* Modules */ = {
			isa = PBXGroup;
			children = (
				10DFB5721E8109D4004423B9 /* Add */,
				10DFB5711E810948004423B9 /* List */,
			);
			path = Modules;
			sourceTree = "<group>";
		};
		10DFB5711E810948004423B9 /* List */ = {
			isa = PBXGroup;
			children = (
				10F992491E8207F300165014 /* Interactor */,
				10F992461E82020000165014 /* Presenter */,
				10F992411E81F5EF00165014 /* UserInterface */,
				10F9923F1E81F3C400165014 /* ListModuleInterface.swift */,
				10F992501E8213B000165014 /* ListWireframe.swift */,
			);
			path = List;
			sourceTree = "<group>";
		};
		10DFB5721E8109D4004423B9 /* Add */ = {
			isa = PBXGroup;
			children = (
				10F9926D1E823DAF00165014 /* Transition */,
				10F9925A1E8228E400165014 /* Interactor */,
				10F9925B1E8228E400165014 /* Presenter */,
				10F9925C1E8228E400165014 /* UserInterface */,
				10F9925D1E8228F600165014 /* AddModuleInterface.swift */,
				10F9925F1E82293600165014 /* AddModuleDelegate.swift */,
			);
			path = Add;
			sourceTree = "<group>";
		};
		10DFB5731E8109E3004423B9 /* Components */ = {
			isa = PBXGroup;
			children = (
				10DFB5741E8109E3004423B9 /* Clock */,
				10DFB5751E8109E3004423B9 /* Extension */,
				10DFB5761E8109E3004423B9 /* Model */,
				10DFB5771E8109E3004423B9 /* Store */,
				10DFB5781E8109E3004423B9 /* View */,
			);
			path = Components;
			sourceTree = "<group>";
		};
		10DFB5741E8109E3004423B9 /* Clock */ = {
			isa = PBXGroup;
			children = (
				10DFB5791E810A02004423B9 /* Clock.swift */,
			);
			path = Clock;
			sourceTree = "<group>";
		};
		10DFB5751E8109E3004423B9 /* Extension */ = {
			isa = PBXGroup;
			children = (
				10DFB5891E811B8E004423B9 /* Calendar+Additions.swift */,
			);
			path = Extension;
			sourceTree = "<group>";
		};
		10DFB5761E8109E3004423B9 /* Model */ = {
			isa = PBXGroup;
			children = (
				10DFB57B1E810AB8004423B9 /* TodoItemModel.swift */,
			);
			path = Model;
			sourceTree = "<group>";
		};
		10DFB5771E8109E3004423B9 /* Store */ = {
			isa = PBXGroup;
			children = (
				10DFB57D1E810C5E004423B9 /* ManagedTodoItem.swift */,
				10DFB57F1E810CE3004423B9 /* CoreDataStore.swift */,
				10DFB5841E8117B5004423B9 /* TODO.xcdatamodeld */,
			);
			path = Store;
			sourceTree = "<group>";
		};
		10DFB5781E8109E3004423B9 /* View */ = {
			isa = PBXGroup;
			children = (
				10DFB5871E811A03004423B9 /* RootWireframe.swift */,
			);
			path = View;
			sourceTree = "<group>";
		};
		10DFB5811E811746004423B9 /* Frameworks */ = {
			isa = PBXGroup;
			children = (
				10DFB5821E811746004423B9 /* CoreData.framework */,
			);
			name = Frameworks;
			sourceTree = "<group>";
		};
		10F992411E81F5EF00165014 /* UserInterface */ = {
			isa = PBXGroup;
			children = (
				10F992421E81F64500165014 /* ListViewController.swift */,
				10F992431E81F64500165014 /* ListViewController.xib */,
			);
			path = UserInterface;
			sourceTree = "<group>";
		};
		10F992461E82020000165014 /* Presenter */ = {
			isa = PBXGroup;
			children = (
				10F992471E82022F00165014 /* ListPresenter.swift */,
				10F9924A1E820AB700165014 /* UpcomingDisplayItem.swift */,
				10F9924C1E820F7E00165014 /* UpcomingDispalyData.swift */,
				10F9924E1E8210CF00165014 /* UpcomingDisplaySection.swift */,
				10F992521E8221E200165014 /* UpcomingDisplayDataCollection.swift */,
			);
			path = Presenter;
			sourceTree = "<group>";
		};
		10F992491E8207F300165014 /* Interactor */ = {
			isa = PBXGroup;
			children = (
				10F992541E8224F800165014 /* ListDataManager.swift */,
				10F992551E8224F800165014 /* ListInteractor.swift */,
				10F992561E8224F800165014 /* UpcomingItem.swift */,
			);
			path = Interactor;
			sourceTree = "<group>";
		};
		10F9925A1E8228E400165014 /* Interactor */ = {
			isa = PBXGroup;
			children = (
				10F992611E822A4A00165014 /* AddInteractor.swift */,
				10F992631E822AC300165014 /* AddDataManager.swift */,
			);
			path = Interactor;
			sourceTree = "<group>";
		};
		10F9925B1E8228E400165014 /* Presenter */ = {
			isa = PBXGroup;
			children = (
				10F992651E822CB900165014 /* AddPresenter.swift */,
			);
			path = Presenter;
			sourceTree = "<group>";
		};
		10F9925C1E8228E400165014 /* UserInterface */ = {
			isa = PBXGroup;
			children = (
				10F992671E822DC300165014 /* AddViewController.swift */,
				10F992681E822DC300165014 /* AddViewController.xib */,
			);
			path = UserInterface;
			sourceTree = "<group>";
		};
		10F9926D1E823DAF00165014 /* Transition */ = {
			isa = PBXGroup;
			children = (
				10F9926E1E823DCD00165014 /* AddPresentationTransition.swift */,
				10F992701E823E9400165014 /* AddDismissalTransition.swift */,
			);
			path = Transition;
			sourceTree = "<group>";
		};
/* End PBXGroup section */

/* Begin PBXNativeTarget section */
		10DFB53B1E8107E8004423B9 /* viper_swift_demo */ = {
			isa = PBXNativeTarget;
			buildConfigurationList = 10DFB5641E8107E8004423B9 /* Build configuration list for PBXNativeTarget "viper_swift_demo" */;
			buildPhases = (
				10DFB5381E8107E8004423B9 /* Sources */,
				10DFB5391E8107E8004423B9 /* Frameworks */,
				10DFB53A1E8107E8004423B9 /* Resources */,
			);
			buildRules = (
			);
			dependencies = (
			);
			name = viper_swift_demo;
			productName = viper_swift_demo;
			productReference = 10DFB53C1E8107E8004423B9 /* viper_swift_demo.app */;
			productType = "com.apple.product-type.application";
		};
		10DFB54F1E8107E8004423B9 /* viper_swift_demoTests */ = {
			isa = PBXNativeTarget;
			buildConfigurationList = 10DFB5671E8107E8004423B9 /* Build configuration list for PBXNativeTarget "viper_swift_demoTests" */;
			buildPhases = (
				10DFB54C1E8107E8004423B9 /* Sources */,
				10DFB54D1E8107E8004423B9 /* Frameworks */,
				10DFB54E1E8107E8004423B9 /* Resources */,
			);
			buildRules = (
			);
			dependencies = (
				10DFB5521E8107E8004423B9 /* PBXTargetDependency */,
			);
			name = viper_swift_demoTests;
			productName = viper_swift_demoTests;
			productReference = 10DFB5501E8107E8004423B9 /* viper_swift_demoTests.xctest */;
			productType = "com.apple.product-type.bundle.unit-test";
		};
		10DFB55A1E8107E8004423B9 /* viper_swift_demoUITests */ = {
			isa = PBXNativeTarget;
			buildConfigurationList = 10DFB56A1E8107E8004423B9 /* Build configuration list for PBXNativeTarget "viper_swift_demoUITests" */;
			buildPhases = (
				10DFB5571E8107E8004423B9 /* Sources */,
				10DFB5581E8107E8004423B9 /* Frameworks */,
				10DFB5591E8107E8004423B9 /* Resources */,
			);
			buildRules = (
			);
			dependencies = (
				10DFB55D1E8107E8004423B9 /* PBXTargetDependency */,
			);
			name = viper_swift_demoUITests;
			productName = viper_swift_demoUITests;
			productReference = 10DFB55B1E8107E8004423B9 /* viper_swift_demoUITests.xctest */;
			productType = "com.apple.product-type.bundle.ui-testing";
		};
/* End PBXNativeTarget section */

/* Begin PBXProject section */
		10DFB5341E8107E8004423B9 /* Project object */ = {
			isa = PBXProject;
			attributes = {
				LastSwiftUpdateCheck = 0820;
				LastUpgradeCheck = 0820;
				ORGANIZATIONNAME = PSL;
				TargetAttributes = {
					10DFB53B1E8107E8004423B9 = {
						CreatedOnToolsVersion = 8.2.1;
						ProvisioningStyle = Automatic;
					};
					10DFB54F1E8107E8004423B9 = {
						CreatedOnToolsVersion = 8.2.1;
						ProvisioningStyle = Automatic;
						TestTargetID = 10DFB53B1E8107E8004423B9;
					};
					10DFB55A1E8107E8004423B9 = {
						CreatedOnToolsVersion = 8.2.1;
						ProvisioningStyle = Automatic;
						TestTargetID = 10DFB53B1E8107E8004423B9;
					};
				};
			};
			buildConfigurationList = 10DFB5371E8107E8004423B9 /* Build configuration list for PBXProject "viper_swift_demo" */;
			compatibilityVersion = "Xcode 3.2";
			developmentRegion = English;
			hasScannedForEncodings = 0;
			knownRegions = (
				en,
				Base,
			);
			mainGroup = 10DFB5331E8107E8004423B9;
			productRefGroup = 10DFB53D1E8107E8004423B9 /* Products */;
			projectDirPath = "";
			projectRoot = "";
			targets = (
				10DFB53B1E8107E8004423B9 /* viper_swift_demo */,
				10DFB54F1E8107E8004423B9 /* viper_swift_demoTests */,
				10DFB55A1E8107E8004423B9 /* viper_swift_demoUITests */,
			);
		};
/* End PBXProject section */

/* Begin PBXResourcesBuildPhase section */
		10DFB53A1E8107E8004423B9 /* Resources */ = {
			isa = PBXResourcesBuildPhase;
			buildActionMask = 2147483647;
			files = (
				10DFB54A1E8107E8004423B9 /* LaunchScreen.storyboard in Resources */,
				10DFB5471E8107E8004423B9 /* Assets.xcassets in Resources */,
				10F9926A1E822DC300165014 /* AddViewController.xib in Resources */,
				10F992451E81F64500165014 /* ListViewController.xib in Resources */,
				10DFB5451E8107E8004423B9 /* Main.storyboard in Resources */,
			);
			runOnlyForDeploymentPostprocessing = 0;
		};
		10DFB54E1E8107E8004423B9 /* Resources */ = {
			isa = PBXResourcesBuildPhase;
			buildActionMask = 2147483647;
			files = (
			);
			runOnlyForDeploymentPostprocessing = 0;
		};
		10DFB5591E8107E8004423B9 /* Resources */ = {
			isa = PBXResourcesBuildPhase;
			buildActionMask = 2147483647;
			files = (
			);
			runOnlyForDeploymentPostprocessing = 0;
		};
/* End PBXResourcesBuildPhase section */

/* Begin PBXSourcesBuildPhase section */
		10DFB5381E8107E8004423B9 /* Sources */ = {
			isa = PBXSourcesBuildPhase;
			buildActionMask = 2147483647;
			files = (
				10DFB5801E810CE3004423B9 /* CoreDataStore.swift in Sources */,
				10F992571E8224F800165014 /* ListDataManager.swift in Sources */,
				10DFB57A1E810A02004423B9 /* Clock.swift in Sources */,
				10DFB57E1E810C5E004423B9 /* ManagedTodoItem.swift in Sources */,
				10F992661E822CB900165014 /* AddPresenter.swift in Sources */,
				10F992711E823E9400165014 /* AddDismissalTransition.swift in Sources */,
				10F992601E82293600165014 /* AddModuleDelegate.swift in Sources */,
				10F992621E822A4A00165014 /* AddInteractor.swift in Sources */,
				10DFB56F1E810843004423B9 /* AppDependencies.swift in Sources */,
				10DFB5881E811A03004423B9 /* RootWireframe.swift in Sources */,
				10F9926F1E823DCD00165014 /* AddPresentationTransition.swift in Sources */,
				10F9925E1E8228F600165014 /* AddModuleInterface.swift in Sources */,
				10F992591E8224F800165014 /* UpcomingItem.swift in Sources */,
				10F992581E8224F800165014 /* ListInteractor.swift in Sources */,
				10F992441E81F64500165014 /* ListViewController.swift in Sources */,
				10DFB57C1E810AB8004423B9 /* TodoItemModel.swift in Sources */,
				10F992641E822AC300165014 /* AddDataManager.swift in Sources */,
				10F9924D1E820F7E00165014 /* UpcomingDispalyData.swift in Sources */,
				10DFB5861E8117B5004423B9 /* TODO.xcdatamodeld in Sources */,
				10DFB58A1E811B8E004423B9 /* Calendar+Additions.swift in Sources */,
				10F992481E82022F00165014 /* ListPresenter.swift in Sources */,
				10F9924F1E8210CF00165014 /* UpcomingDisplaySection.swift in Sources */,
				10F9924B1E820AB700165014 /* UpcomingDisplayItem.swift in Sources */,
				10F992511E8213B000165014 /* ListWireframe.swift in Sources */,
				10F992531E8221E200165014 /* UpcomingDisplayDataCollection.swift in Sources */,
				10DFB5401E8107E8004423B9 /* AppDelegate.swift in Sources */,
				10F992691E822DC300165014 /* AddViewController.swift in Sources */,
				10F992401E81F3C400165014 /* ListModuleInterface.swift in Sources */,
			);
			runOnlyForDeploymentPostprocessing = 0;
		};
		10DFB54C1E8107E8004423B9 /* Sources */ = {
			isa = PBXSourcesBuildPhase;
			buildActionMask = 2147483647;
			files = (
				10DFB5551E8107E8004423B9 /* viper_swift_demoTests.swift in Sources */,
			);
			runOnlyForDeploymentPostprocessing = 0;
		};
		10DFB5571E8107E8004423B9 /* Sources */ = {
			isa = PBXSourcesBuildPhase;
			buildActionMask = 2147483647;
			files = (
				10DFB5601E8107E8004423B9 /* viper_swift_demoUITests.swift in Sources */,
			);
			runOnlyForDeploymentPostprocessing = 0;
		};
/* End PBXSourcesBuildPhase section */

/* Begin PBXTargetDependency section */
		10DFB5521E8107E8004423B9 /* PBXTargetDependency */ = {
			isa = PBXTargetDependency;
			target = 10DFB53B1E8107E8004423B9 /* viper_swift_demo */;
			targetProxy = 10DFB5511E8107E8004423B9 /* PBXContainerItemProxy */;
		};
		10DFB55D1E8107E8004423B9 /* PBXTargetDependency */ = {
			isa = PBXTargetDependency;
			target = 10DFB53B1E8107E8004423B9 /* viper_swift_demo */;
			targetProxy = 10DFB55C1E8107E8004423B9 /* PBXContainerItemProxy */;
		};
/* End PBXTargetDependency section */

/* Begin PBXVariantGroup section */
		10DFB5431E8107E8004423B9 /* Main.storyboard */ = {
			isa = PBXVariantGroup;
			children = (
				10DFB5441E8107E8004423B9 /* Base */,
			);
			name = Main.storyboard;
			sourceTree = "<group>";
		};
		10DFB5481E8107E8004423B9 /* LaunchScreen.storyboard */ = {
			isa = PBXVariantGroup;
			children = (
				10DFB5491E8107E8004423B9 /* Base */,
			);
			name = LaunchScreen.storyboard;
			sourceTree = "<group>";
		};
/* End PBXVariantGroup section */

/* Begin XCBuildConfiguration section */
		10DFB5621E8107E8004423B9 /* Debug */ = {
			isa = XCBuildConfiguration;
			buildSettings = {
				ALWAYS_SEARCH_USER_PATHS = NO;
				CLANG_ANALYZER_NONNULL = YES;
				CLANG_CXX_LANGUAGE_STANDARD = "gnu++0x";
				CLANG_CXX_LIBRARY = "libc++";
				CLANG_ENABLE_MODULES = YES;
				CLANG_ENABLE_OBJC_ARC = YES;
				CLANG_WARN_BOOL_CONVERSION = YES;
				CLANG_WARN_CONSTANT_CONVERSION = YES;
				CLANG_WARN_DIRECT_OBJC_ISA_USAGE = YES_ERROR;
				CLANG_WARN_DOCUMENTATION_COMMENTS = YES;
				CLANG_WARN_EMPTY_BODY = YES;
				CLANG_WARN_ENUM_CONVERSION = YES;
				CLANG_WARN_INFINITE_RECURSION = YES;
				CLANG_WARN_INT_CONVERSION = YES;
				CLANG_WARN_OBJC_ROOT_CLASS = YES_ERROR;
				CLANG_WARN_SUSPICIOUS_MOVE = YES;
				CLANG_WARN_UNREACHABLE_CODE = YES;
				CLANG_WARN__DUPLICATE_METHOD_MATCH = YES;
				"CODE_SIGN_IDENTITY[sdk=iphoneos*]" = "iPhone Developer";
				COPY_PHASE_STRIP = NO;
				DEBUG_INFORMATION_FORMAT = dwarf;
				ENABLE_STRICT_OBJC_MSGSEND = YES;
				ENABLE_TESTABILITY = YES;
				GCC_C_LANGUAGE_STANDARD = gnu99;
				GCC_DYNAMIC_NO_PIC = NO;
				GCC_NO_COMMON_BLOCKS = YES;
				GCC_OPTIMIZATION_LEVEL = 0;
				GCC_PREPROCESSOR_DEFINITIONS = (
					"DEBUG=1",
					"$(inherited)",
				);
				GCC_WARN_64_TO_32_BIT_CONVERSION = YES;
				GCC_WARN_ABOUT_RETURN_TYPE = YES_ERROR;
				GCC_WARN_UNDECLARED_SELECTOR = YES;
				GCC_WARN_UNINITIALIZED_AUTOS = YES_AGGRESSIVE;
				GCC_WARN_UNUSED_FUNCTION = YES;
				GCC_WARN_UNUSED_VARIABLE = YES;
				IPHONEOS_DEPLOYMENT_TARGET = 10.2;
				MTL_ENABLE_DEBUG_INFO = YES;
				ONLY_ACTIVE_ARCH = YES;
				SDKROOT = iphoneos;
				SWIFT_ACTIVE_COMPILATION_CONDITIONS = DEBUG;
				SWIFT_OPTIMIZATION_LEVEL = "-Onone";
			};
			name = Debug;
		};
		10DFB5631E8107E8004423B9 /* Release */ = {
			isa = XCBuildConfiguration;
			buildSettings = {
				ALWAYS_SEARCH_USER_PATHS = NO;
				CLANG_ANALYZER_NONNULL = YES;
				CLANG_CXX_LANGUAGE_STANDARD = "gnu++0x";
				CLANG_CXX_LIBRARY = "libc++";
				CLANG_ENABLE_MODULES = YES;
				CLANG_ENABLE_OBJC_ARC = YES;
				CLANG_WARN_BOOL_CONVERSION = YES;
				CLANG_WARN_CONSTANT_CONVERSION = YES;
				CLANG_WARN_DIRECT_OBJC_ISA_USAGE = YES_ERROR;
				CLANG_WARN_DOCUMENTATION_COMMENTS = YES;
				CLANG_WARN_EMPTY_BODY = YES;
				CLANG_WARN_ENUM_CONVERSION = YES;
				CLANG_WARN_INFINITE_RECURSION = YES;
				CLANG_WARN_INT_CONVERSION = YES;
				CLANG_WARN_OBJC_ROOT_CLASS = YES_ERROR;
				CLANG_WARN_SUSPICIOUS_MOVE = YES;
				CLANG_WARN_UNREACHABLE_CODE = YES;
				CLANG_WARN__DUPLICATE_METHOD_MATCH = YES;
				"CODE_SIGN_IDENTITY[sdk=iphoneos*]" = "iPhone Developer";
				COPY_PHASE_STRIP = NO;
				DEBUG_INFORMATION_FORMAT = "dwarf-with-dsym";
				ENABLE_NS_ASSERTIONS = NO;
				ENABLE_STRICT_OBJC_MSGSEND = YES;
				GCC_C_LANGUAGE_STANDARD = gnu99;
				GCC_NO_COMMON_BLOCKS = YES;
				GCC_WARN_64_TO_32_BIT_CONVERSION = YES;
				GCC_WARN_ABOUT_RETURN_TYPE = YES_ERROR;
				GCC_WARN_UNDECLARED_SELECTOR = YES;
				GCC_WARN_UNINITIALIZED_AUTOS = YES_AGGRESSIVE;
				GCC_WARN_UNUSED_FUNCTION = YES;
				GCC_WARN_UNUSED_VARIABLE = YES;
				IPHONEOS_DEPLOYMENT_TARGET = 10.2;
				MTL_ENABLE_DEBUG_INFO = NO;
				SDKROOT = iphoneos;
				SWIFT_OPTIMIZATION_LEVEL = "-Owholemodule";
				VALIDATE_PRODUCT = YES;
			};
			name = Release;
		};
		10DFB5651E8107E8004423B9 /* Debug */ = {
			isa = XCBuildConfiguration;
			buildSettings = {
				ASSETCATALOG_COMPILER_APPICON_NAME = AppIcon;
				INFOPLIST_FILE = viper_swift_demo/Info.plist;
				LD_RUNPATH_SEARCH_PATHS = "$(inherited) @executable_path/Frameworks";
				PRODUCT_BUNDLE_IDENTIFIER = "PSL.viper-swift-demo";
				PRODUCT_NAME = "$(TARGET_NAME)";
				SWIFT_VERSION = 3.0;
			};
			name = Debug;
		};
		10DFB5661E8107E8004423B9 /* Release */ = {
			isa = XCBuildConfiguration;
			buildSettings = {
				ASSETCATALOG_COMPILER_APPICON_NAME = AppIcon;
				INFOPLIST_FILE = viper_swift_demo/Info.plist;
				LD_RUNPATH_SEARCH_PATHS = "$(inherited) @executable_path/Frameworks";
				PRODUCT_BUNDLE_IDENTIFIER = "PSL.viper-swift-demo";
				PRODUCT_NAME = "$(TARGET_NAME)";
				SWIFT_VERSION = 3.0;
			};
			name = Release;
		};
		10DFB5681E8107E8004423B9 /* Debug */ = {
			isa = XCBuildConfiguration;
			buildSettings = {
				ALWAYS_EMBED_SWIFT_STANDARD_LIBRARIES = YES;
				BUNDLE_LOADER = "$(TEST_HOST)";
				INFOPLIST_FILE = viper_swift_demoTests/Info.plist;
				LD_RUNPATH_SEARCH_PATHS = "$(inherited) @executable_path/Frameworks @loader_path/Frameworks";
				PRODUCT_BUNDLE_IDENTIFIER = "PSL.viper-swift-demoTests";
				PRODUCT_NAME = "$(TARGET_NAME)";
				SWIFT_VERSION = 3.0;
				TEST_HOST = "$(BUILT_PRODUCTS_DIR)/viper_swift_demo.app/viper_swift_demo";
			};
			name = Debug;
		};
		10DFB5691E8107E8004423B9 /* Release */ = {
			isa = XCBuildConfiguration;
			buildSettings = {
				ALWAYS_EMBED_SWIFT_STANDARD_LIBRARIES = YES;
				BUNDLE_LOADER = "$(TEST_HOST)";
				INFOPLIST_FILE = viper_swift_demoTests/Info.plist;
				LD_RUNPATH_SEARCH_PATHS = "$(inherited) @executable_path/Frameworks @loader_path/Frameworks";
				PRODUCT_BUNDLE_IDENTIFIER = "PSL.viper-swift-demoTests";
				PRODUCT_NAME = "$(TARGET_NAME)";
				SWIFT_VERSION = 3.0;
				TEST_HOST = "$(BUILT_PRODUCTS_DIR)/viper_swift_demo.app/viper_swift_demo";
			};
			name = Release;
		};
		10DFB56B1E8107E8004423B9 /* Debug */ = {
			isa = XCBuildConfiguration;
			buildSettings = {
				ALWAYS_EMBED_SWIFT_STANDARD_LIBRARIES = YES;
				INFOPLIST_FILE = viper_swift_demoUITests/Info.plist;
				LD_RUNPATH_SEARCH_PATHS = "$(inherited) @executable_path/Frameworks @loader_path/Frameworks";
				PRODUCT_BUNDLE_IDENTIFIER = "PSL.viper-swift-demoUITests";
				PRODUCT_NAME = "$(TARGET_NAME)";
				SWIFT_VERSION = 3.0;
				TEST_TARGET_NAME = viper_swift_demo;
			};
			name = Debug;
		};
		10DFB56C1E8107E8004423B9 /* Release */ = {
			isa = XCBuildConfiguration;
			buildSettings = {
				ALWAYS_EMBED_SWIFT_STANDARD_LIBRARIES = YES;
				INFOPLIST_FILE = viper_swift_demoUITests/Info.plist;
				LD_RUNPATH_SEARCH_PATHS = "$(inherited) @executable_path/Frameworks @loader_path/Frameworks";
				PRODUCT_BUNDLE_IDENTIFIER = "PSL.viper-swift-demoUITests";
				PRODUCT_NAME = "$(TARGET_NAME)";
				SWIFT_VERSION = 3.0;
				TEST_TARGET_NAME = viper_swift_demo;
			};
			name = Release;
		};
/* End XCBuildConfiguration section */

/* Begin XCConfigurationList section */
		10DFB5371E8107E8004423B9 /* Build configuration list for PBXProject "viper_swift_demo" */ = {
			isa = XCConfigurationList;
			buildConfigurations = (
				10DFB5621E8107E8004423B9 /* Debug */,
				10DFB5631E8107E8004423B9 /* Release */,
			);
			defaultConfigurationIsVisible = 0;
			defaultConfigurationName = Release;
		};
		10DFB5641E8107E8004423B9 /* Build configuration list for PBXNativeTarget "viper_swift_demo" */ = {
			isa = XCConfigurationList;
			buildConfigurations = (
				10DFB5651E8107E8004423B9 /* Debug */,
				10DFB5661E8107E8004423B9 /* Release */,
			);
			defaultConfigurationIsVisible = 0;
			defaultConfigurationName = Release;
		};
		10DFB5671E8107E8004423B9 /* Build configuration list for PBXNativeTarget "viper_swift_demoTests" */ = {
			isa = XCConfigurationList;
			buildConfigurations = (
				10DFB5681E8107E8004423B9 /* Debug */,
				10DFB5691E8107E8004423B9 /* Release */,
			);
			defaultConfigurationIsVisible = 0;
			defaultConfigurationName = Release;
		};
		10DFB56A1E8107E8004423B9 /* Build configuration list for PBXNativeTarget "viper_swift_demoUITests" */ = {
			isa = XCConfigurationList;
			buildConfigurations = (
				10DFB56B1E8107E8004423B9 /* Debug */,
				10DFB56C1E8107E8004423B9 /* Release */,
			);
			defaultConfigurationIsVisible = 0;
			defaultConfigurationName = Release;
		};
/* End XCConfigurationList section */

/* Begin XCVersionGroup section */
		10DFB5841E8117B5004423B9 /* TODO.xcdatamodeld */ = {
			isa = XCVersionGroup;
			children = (
				10DFB5851E8117B5004423B9 /* TODO.xcdatamodel */,
			);
			currentVersion = 10DFB5851E8117B5004423B9 /* TODO.xcdatamodel */;
			path = TODO.xcdatamodeld;
			sourceTree = "<group>";
			versionGroupType = wrapper.xcdatamodel;
		};
/* End XCVersionGroup section */
	};
	rootObject = 10DFB5341E8107E8004423B9 /* Project object */;
}
